
Microsoft Visual Studio Solution File, Format Version 12.00
# Visual Studio Version 16
VisualStudioVersion = 16.0.30804.86
MinimumVisualStudioVersion = 10.0.40219.1
Project("{FAE04EC0-301F-11D3-BF4B-00C04F79EFBC}") = "Assignment3_IS413", "Assignment3_IS413.csproj", "{DF6F20CB-54DB-49DA-B2D3-4BC55FBD2FAC}"
EndProject
Global
	GlobalSection(SolutionConfigurationPlatforms) = preSolution
		Debug|Any CPU = Debug|Any CPU
		Release|Any CPU = Release|Any CPU
	EndGlobalSection
	GlobalSection(ProjectConfigurationPlatforms) = postSolution
		{DF6F20CB-54DB-49DA-B2D3-4BC55FBD2FAC}.Debug|Any CPU.ActiveCfg = Debug|Any CPU
		{DF6F20CB-54DB-49DA-B2D3-4BC55FBD2FAC}.Debug|Any CPU.Build.0 = Debug|Any CPU
		{DF6F20CB-54DB-49DA-B2D3-4BC55FBD2FAC}.Release|Any CPU.ActiveCfg = Release|Any CPU
		{DF6F20CB-54DB-49DA-B2D3-4BC55FBD2FAC}.Release|Any CPU.Build.0 = Release|Any CPU
	EndGlobalSection
	GlobalSection(SolutionProperties) = preSolution
		HideSolutionNode = FALSE
	EndGlobalSection
	GlobalSection(ExtensibilityGlobals) = postSolution
		SolutionGuid = {83F5685B-A522-4D9A-8B88-A09FFCDAD95D}
	EndGlobalSection
EndGlobal
